
Microsoft Visual Studio Solution File, Format Version 12.00
# Visual Studio Version 17
VisualStudioVersion = 17.5.33530.505
MinimumVisualStudioVersion = 10.0.40219.1
Project("{FAE04EC0-301F-11D3-BF4B-00C04F79EFBC}") = "Vowel", "Vowel\Vowel.csproj", "{DF6B89B9-36AB-42C5-BAFB-0C6F52A0AFEF}"
EndProject
Global
	GlobalSection(SolutionConfigurationPlatforms) = preSolution
		Debug|Any CPU = Debug|Any CPU
		Release|Any CPU = Release|Any CPU
	EndGlobalSection
	GlobalSection(ProjectConfigurationPlatforms) = postSolution
		{DF6B89B9-36AB-42C5-BAFB-0C6F52A0AFEF}.Debug|Any CPU.ActiveCfg = Debug|Any CPU
		{DF6B89B9-36AB-42C5-BAFB-0C6F52A0AFEF}.Debug|Any CPU.Build.0 = Debug|Any CPU
		{DF6B89B9-36AB-42C5-BAFB-0C6F52A0AFEF}.Release|Any CPU.ActiveCfg = Release|Any CPU
		{DF6B89B9-36AB-42C5-BAFB-0C6F52A0AFEF}.Release|Any CPU.Build.0 = Release|Any CPU
	EndGlobalSection
	GlobalSection(SolutionProperties) = preSolution
		HideSolutionNode = FALSE
	EndGlobalSection
	GlobalSection(ExtensibilityGlobals) = postSolution
		SolutionGuid = {7221E7D1-7303-4CA7-B212-0090FB3A0FC6}
	EndGlobalSection
EndGlobal
